// !$*UTF8*$!
{
	archiveVersion = 1;
	classes = {
	};
	objectVersion = 48;
	objects = {

/* Begin PBXBuildFile section */
		264D391620080CCD00C51E7A /* AppDelegate.swift in Sources */ = {isa = PBXBuildFile; fileRef = 264D391520080CCD00C51E7A /* AppDelegate.swift */; };
		264D391820080CCD00C51E7A /* ViewController.swift in Sources */ = {isa = PBXBuildFile; fileRef = 264D391720080CCD00C51E7A /* ViewController.swift */; };
		264D391B20080CCD00C51E7A /* Main.storyboard in Resources */ = {isa = PBXBuildFile; fileRef = 264D391920080CCD00C51E7A /* Main.storyboard */; };
		264D391D20080CCD00C51E7A /* Assets.xcassets in Resources */ = {isa = PBXBuildFile; fileRef = 264D391C20080CCD00C51E7A /* Assets.xcassets */; };
		264D392020080CCD00C51E7A /* LaunchScreen.storyboard in Resources */ = {isa = PBXBuildFile; fileRef = 264D391E20080CCD00C51E7A /* LaunchScreen.storyboard */; };
		264D392B20080CCD00C51E7A /* layoutDemoTests.swift in Sources */ = {isa = PBXBuildFile; fileRef = 264D392A20080CCD00C51E7A /* layoutDemoTests.swift */; };
		264D393620080CCD00C51E7A /* layoutDemoUITests.swift in Sources */ = {isa = PBXBuildFile; fileRef = 264D393520080CCD00C51E7A /* layoutDemoUITests.swift */; };
/* End PBXBuildFile section */

/* Begin PBXContainerItemProxy section */
		264D392720080CCD00C51E7A /* PBXContainerItemProxy */ = {
			isa = PBXContainerItemProxy;
			containerPortal = 264D390A20080CCC00C51E7A /* Project object */;
			proxyType = 1;
			remoteGlobalIDString = 264D391120080CCD00C51E7A;
			remoteInfo = layoutDemo;
		};
		264D393220080CCD00C51E7A /* PBXContainerItemProxy */ = {
			isa = PBXContainerItemProxy;
			containerPortal = 264D390A20080CCC00C51E7A /* Project object */;
			proxyType = 1;
			remoteGlobalIDString = 264D391120080CCD00C51E7A;
			remoteInfo = layoutDemo;
		};
/* End PBXContainerItemProxy section */

/* Begin PBXFileReference section */
		264D391220080CCD00C51E7A /* layoutDemo.app */ = {isa = PBXFileReference; explicitFileType = wrapper.application; includeInIndex = 0; path = layoutDemo.app; sourceTree = BUILT_PRODUCTS_DIR; };
		264D391520080CCD00C51E7A /* AppDelegate.swift */ = {isa = PBXFileReference; lastKnownFileType = sourcecode.swift; path = AppDelegate.swift; sourceTree = "<group>"; };
		264D391720080CCD00C51E7A /* ViewController.swift */ = {isa = PBXFileReference; lastKnownFileType = sourcecode.swift; path = ViewController.swift; sourceTree = "<group>"; };
		264D391A20080CCD00C51E7A /* Base */ = {isa = PBXFileReference; lastKnownFileType = file.storyboard; name = Base; path = Base.lproj/Main.storyboard; sourceTree = "<group>"; };
		264D391C20080CCD00C51E7A /* Assets.xcassets */ = {isa = PBXFileReference; lastKnownFileType = folder.assetcatalog; path = Assets.xcassets; sourceTree = "<group>"; };
		264D391F20080CCD00C51E7A /* Base */ = {isa = PBXFileReference; lastKnownFileType = file.storyboard; name = Base; path = Base.lproj/LaunchScreen.storyboard; sourceTree = "<group>"; };
		264D392120080CCD00C51E7A /* Info.plist */ = {isa = PBXFileReference; lastKnownFileType = text.plist.xml; path = Info.plist; sourceTree = "<group>"; };
		264D392620080CCD00C51E7A /* layoutDemoTests.xctest */ = {isa = PBXFileReference; explicitFileType = wrapper.cfbundle; includeInIndex = 0; path = layoutDemoTests.xctest; sourceTree = BUILT_PRODUCTS_DIR; };
		264D392A20080CCD00C51E7A /* layoutDemoTests.swift */ = {isa = PBXFileReference; lastKnownFileType = sourcecode.swift; path = layoutDemoTests.swift; sourceTree = "<group>"; };
		264D392C20080CCD00C51E7A /* Info.plist */ = {isa = PBXFileReference; lastKnownFileType = text.plist.xml; path = Info.plist; sourceTree = "<group>"; };
		264D393120080CCD00C51E7A /* layoutDemoUITests.xctest */ = {isa = PBXFileReference; explicitFileType = wrapper.cfbundle; includeInIndex = 0; path = layoutDemoUITests.xctest; sourceTree = BUILT_PRODUCTS_DIR; };
		264D393520080CCD00C51E7A /* layoutDemoUITests.swift */ = {isa = PBXFileReference; lastKnownFileType = sourcecode.swift; path = layoutDemoUITests.swift; sourceTree = "<group>"; };
		264D393720080CCD00C51E7A /* Info.plist */ = {isa = PBXFileReference; lastKnownFileType = text.plist.xml; path = Info.plist; sourceTree = "<group>"; };
/* End PBXFileReference section */

/* Begin PBXFrameworksBuildPhase section */
		264D390F20080CCD00C51E7A /* Frameworks */ = {
			isa = PBXFrameworksBuildPhase;
			buildActionMask = 2147483647;
			files = (
			);
			runOnlyForDeploymentPostprocessing = 0;
		};
		264D392320080CCD00C51E7A /* Frameworks */ = {
			isa = PBXFrameworksBuildPhase;
			buildActionMask = 2147483647;
			files = (
			);
			runOnlyForDeploymentPostprocessing = 0;
		};
		264D392E20080CCD00C51E7A /* Frameworks */ = {
			isa = PBXFrameworksBuildPhase;
			buildActionMask = 2147483647;
			files = (
			);
			runOnlyForDeploymentPostprocessing = 0;
		};
/* End PBXFrameworksBuildPhase section */

/* Begin PBXGroup section */
		264D390920080CCC00C51E7A = {
			isa = PBXGroup;
			children = (
				264D391420080CCD00C51E7A /* layoutDemo */,
				264D392920080CCD00C51E7A /* layoutDemoTests */,
				264D393420080CCD00C51E7A /* layoutDemoUITests */,
				264D391320080CCD00C51E7A /* Products */,
			);
			sourceTree = "<group>";
		};
		264D391320080CCD00C51E7A /* Products */ = {
			isa = PBXGroup;
			children = (
				264D391220080CCD00C51E7A /* layoutDemo.app */,
				264D392620080CCD00C51E7A /* layoutDemoTests.xctest */,
				264D393120080CCD00C51E7A /* layoutDemoUITests.xctest */,
			);
			name = Products;
			sourceTree = "<group>";
		};
		264D391420080CCD00C51E7A /* layoutDemo */ = {
			isa = PBXGroup;
			children = (
				264D391520080CCD00C51E7A /* AppDelegate.swift */,
				264D391720080CCD00C51E7A /* ViewController.swift */,
				264D391920080CCD00C51E7A /* Main.storyboard */,
				264D391C20080CCD00C51E7A /* Assets.xcassets */,
				264D391E20080CCD00C51E7A /* LaunchScreen.storyboard */,
				264D392120080CCD00C51E7A /* Info.plist */,
			);
			path = layoutDemo;
			sourceTree = "<group>";
		};
		264D392920080CCD00C51E7A /* layoutDemoTests */ = {
			isa = PBXGroup;
			children = (
				264D392A20080CCD00C51E7A /* layoutDemoTests.swift */,
				264D392C20080CCD00C51E7A /* Info.plist */,
			);
			path = layoutDemoTests;
			sourceTree = "<group>";
		};
		264D393420080CCD00C51E7A /* layoutDemoUITests */ = {
			isa = PBXGroup;
			children = (
				264D393520080CCD00C51E7A /* layoutDemoUITests.swift */,
				264D393720080CCD00C51E7A /* Info.plist */,
			);
			path = layoutDemoUITests;
			sourceTree = "<group>";
		};
/* End PBXGroup section */

/* Begin PBXNativeTarget section */
		264D391120080CCD00C51E7A /* layoutDemo */ = {
			isa = PBXNativeTarget;
			buildConfigurationList = 264D393A20080CCD00C51E7A /* Build configuration list for PBXNativeTarget "layoutDemo" */;
			buildPhases = (
				264D390E20080CCD00C51E7A /* Sources */,
				264D390F20080CCD00C51E7A /* Frameworks */,
				264D391020080CCD00C51E7A /* Resources */,
			);
			buildRules = (
			);
			dependencies = (
			);
			name = layoutDemo;
			productName = layoutDemo;
			productReference = 264D391220080CCD00C51E7A /* layoutDemo.app */;
			productType = "com.apple.product-type.application";
		};
		264D392520080CCD00C51E7A /* layoutDemoTests */ = {
			isa = PBXNativeTarget;
			buildConfigurationList = 264D393D20080CCD00C51E7A /* Build configuration list for PBXNativeTarget "layoutDemoTests" */;
			buildPhases = (
				264D392220080CCD00C51E7A /* Sources */,
				264D392320080CCD00C51E7A /* Frameworks */,
				264D392420080CCD00C51E7A /* Resources */,
			);
			buildRules = (
			);
			dependencies = (
				264D392820080CCD00C51E7A /* PBXTargetDependency */,
			);
			name = layoutDemoTests;
			productName = layoutDemoTests;
			productReference = 264D392620080CCD00C51E7A /* layoutDemoTests.xctest */;
			productType = "com.apple.product-type.bundle.unit-test";
		};
		264D393020080CCD00C51E7A /* layoutDemoUITests */ = {
			isa = PBXNativeTarget;
			buildConfigurationList = 264D394020080CCD00C51E7A /* Build configuration list for PBXNativeTarget "layoutDemoUITests" */;
			buildPhases = (
				264D392D20080CCD00C51E7A /* Sources */,
				264D392E20080CCD00C51E7A /* Frameworks */,
				264D392F20080CCD00C51E7A /* Resources */,
			);
			buildRules = (
			);
			dependencies = (
				264D393320080CCD00C51E7A /* PBXTargetDependency */,
			);
			name = layoutDemoUITests;
			productName = layoutDemoUITests;
			productReference = 264D393120080CCD00C51E7A /* layoutDemoUITests.xctest */;
			productType = "com.apple.product-type.bundle.ui-testing";
		};
/* End PBXNativeTarget section */

/* Begin PBXProject section */
		264D390A20080CCC00C51E7A /* Project object */ = {
			isa = PBXProject;
			attributes = {
				LastSwiftUpdateCheck = 0920;
				LastUpgradeCheck = 0920;
				ORGANIZATIONNAME = "Valerie Farber";
				TargetAttributes = {
					264D391120080CCD00C51E7A = {
						CreatedOnToolsVersion = 9.2;
						ProvisioningStyle = Automatic;
					};
					264D392520080CCD00C51E7A = {
						CreatedOnToolsVersion = 9.2;
						ProvisioningStyle = Automatic;
						TestTargetID = 264D391120080CCD00C51E7A;
					};
					264D393020080CCD00C51E7A = {
						CreatedOnToolsVersion = 9.2;
						ProvisioningStyle = Automatic;
						TestTargetID = 264D391120080CCD00C51E7A;
					};
				};
			};
			buildConfigurationList = 264D390D20080CCC00C51E7A /* Build configuration list for PBXProject "layoutDemo" */;
			compatibilityVersion = "Xcode 8.0";
			developmentRegion = en;
			hasScannedForEncodings = 0;
			knownRegions = (
				en,
				Base,
			);
			mainGroup = 264D390920080CCC00C51E7A;
			productRefGroup = 264D391320080CCD00C51E7A /* Products */;
			projectDirPath = "";
			projectRoot = "";
			targets = (
				264D391120080CCD00C51E7A /* layoutDemo */,
				264D392520080CCD00C51E7A /* layoutDemoTests */,
				264D393020080CCD00C51E7A /* layoutDemoUITests */,
			);
		};
/* End PBXProject section */

/* Begin PBXResourcesBuildPhase section */
		264D391020080CCD00C51E7A /* Resources */ = {
			isa = PBXResourcesBuildPhase;
			buildActionMask = 2147483647;
			files = (
				264D392020080CCD00C51E7A /* LaunchScreen.storyboard in Resources */,
				264D391D20080CCD00C51E7A /* Assets.xcassets in Resources */,
				264D391B20080CCD00C51E7A /* Main.storyboard in Resources */,
			);
			runOnlyForDeploymentPostprocessing = 0;
		};
		264D392420080CCD00C51E7A /* Resources */ = {
			isa = PBXResourcesBuildPhase;
			buildActionMask = 2147483647;
			files = (
			);
			runOnlyForDeploymentPostprocessing = 0;
		};
		264D392F20080CCD00C51E7A /* Resources */ = {
			isa = PBXResourcesBuildPhase;
			buildActionMask = 2147483647;
			files = (
			);
			runOnlyForDeploymentPostprocessing = 0;
		};
/* End PBXResourcesBuildPhase section */

/* Begin PBXSourcesBuildPhase section */
		264D390E20080CCD00C51E7A /* Sources */ = {
			isa = PBXSourcesBuildPhase;
			buildActionMask = 2147483647;
			files = (
				264D391820080CCD00C51E7A /* ViewController.swift in Sources */,
				264D391620080CCD00C51E7A /* AppDelegate.swift in Sources */,
			);
			runOnlyForDeploymentPostprocessing = 0;
		};
		264D392220080CCD00C51E7A /* Sources */ = {
			isa = PBXSourcesBuildPhase;
			buildActionMask = 2147483647;
			files = (
				264D392B20080CCD00C51E7A /* layoutDemoTests.swift in Sources */,
			);
			runOnlyForDeploymentPostprocessing = 0;
		};
		264D392D20080CCD00C51E7A /* Sources */ = {
			isa = PBXSourcesBuildPhase;
			buildActionMask = 2147483647;
			files = (
				264D393620080CCD00C51E7A /* layoutDemoUITests.swift in Sources */,
			);
			runOnlyForDeploymentPostprocessing = 0;
		};
/* End PBXSourcesBuildPhase section */

/* Begin PBXTargetDependency section */
		264D392820080CCD00C51E7A /* PBXTargetDependency */ = {
			isa = PBXTargetDependency;
			target = 264D391120080CCD00C51E7A /* layoutDemo */;
			targetProxy = 264D392720080CCD00C51E7A /* PBXContainerItemProxy */;
		};
		264D393320080CCD00C51E7A /* PBXTargetDependency */ = {
			isa = PBXTargetDependency;
			target = 264D391120080CCD00C51E7A /* layoutDemo */;
			targetProxy = 264D393220080CCD00C51E7A /* PBXContainerItemProxy */;
		};
/* End PBXTargetDependency section */

/* Begin PBXVariantGroup section */
		264D391920080CCD00C51E7A /* Main.storyboard */ = {
			isa = PBXVariantGroup;
			children = (
				264D391A20080CCD00C51E7A /* Base */,
			);
			name = Main.storyboard;
			sourceTree = "<group>";
		};
		264D391E20080CCD00C51E7A /* LaunchScreen.storyboard */ = {
			isa = PBXVariantGroup;
			children = (
				264D391F20080CCD00C51E7A /* Base */,
			);
			name = LaunchScreen.storyboard;
			sourceTree = "<group>";
		};
/* End PBXVariantGroup section */

/* Begin XCBuildConfiguration section */
		264D393820080CCD00C51E7A /* Debug */ = {
			isa = XCBuildConfiguration;
			buildSettings = {
				ALWAYS_SEARCH_USER_PATHS = NO;
				CLANG_ANALYZER_NONNULL = YES;
				CLANG_ANALYZER_NUMBER_OBJECT_CONVERSION = YES_AGGRESSIVE;
				CLANG_CXX_LANGUAGE_STANDARD = "gnu++14";
				CLANG_CXX_LIBRARY = "libc++";
				CLANG_ENABLE_MODULES = YES;
				CLANG_ENABLE_OBJC_ARC = YES;
				CLANG_WARN_BLOCK_CAPTURE_AUTORELEASING = YES;
				CLANG_WARN_BOOL_CONVERSION = YES;
				CLANG_WARN_COMMA = YES;
				CLANG_WARN_CONSTANT_CONVERSION = YES;
				CLANG_WARN_DIRECT_OBJC_ISA_USAGE = YES_ERROR;
				CLANG_WARN_DOCUMENTATION_COMMENTS = YES;
				CLANG_WARN_EMPTY_BODY = YES;
				CLANG_WARN_ENUM_CONVERSION = YES;
				CLANG_WARN_INFINITE_RECURSION = YES;
				CLANG_WARN_INT_CONVERSION = YES;
				CLANG_WARN_NON_LITERAL_NULL_CONVERSION = YES;
				CLANG_WARN_OBJC_LITERAL_CONVERSION = YES;
				CLANG_WARN_OBJC_ROOT_CLASS = YES_ERROR;
				CLANG_WARN_RANGE_LOOP_ANALYSIS = YES;
				CLANG_WARN_STRICT_PROTOTYPES = YES;
				CLANG_WARN_SUSPICIOUS_MOVE = YES;
				CLANG_WARN_UNGUARDED_AVAILABILITY = YES_AGGRESSIVE;
				CLANG_WARN_UNREACHABLE_CODE = YES;
				CLANG_WARN__DUPLICATE_METHOD_MATCH = YES;
				CODE_SIGN_IDENTITY = "iPhone Developer";
				COPY_PHASE_STRIP = NO;
				DEBUG_INFORMATION_FORMAT = dwarf;
				ENABLE_STRICT_OBJC_MSGSEND = YES;
				ENABLE_TESTABILITY = YES;
				GCC_C_LANGUAGE_STANDARD = gnu11;
				GCC_DYNAMIC_NO_PIC = NO;
				GCC_NO_COMMON_BLOCKS = YES;
				GCC_OPTIMIZATION_LEVEL = 0;
				GCC_PREPROCESSOR_DEFINITIONS = (
					"DEBUG=1",
					"$(inherited)",
				);
				GCC_WARN_64_TO_32_BIT_CONVERSION = YES;
				GCC_WARN_ABOUT_RETURN_TYPE = YES_ERROR;
				GCC_WARN_UNDECLARED_SELECTOR = YES;
				GCC_WARN_UNINITIALIZED_AUTOS = YES_AGGRESSIVE;
				GCC_WARN_UNUSED_FUNCTION = YES;
				GCC_WARN_UNUSED_VARIABLE = YES;
				IPHONEOS_DEPLOYMENT_TARGET = 11.2;
				MTL_ENABLE_DEBUG_INFO = YES;
				ONLY_ACTIVE_ARCH = YES;
				SDKROOT = iphoneos;
				SWIFT_ACTIVE_COMPILATION_CONDITIONS = DEBUG;
				SWIFT_OPTIMIZATION_LEVEL = "-Onone";
			};
			name = Debug;
		};
		264D393920080CCD00C51E7A /* Release */ = {
			isa = XCBuildConfiguration;
			buildSettings = {
				ALWAYS_SEARCH_USER_PATHS = NO;
				CLANG_ANALYZER_NONNULL = YES;
				CLANG_ANALYZER_NUMBER_OBJECT_CONVERSION = YES_AGGRESSIVE;
				CLANG_CXX_LANGUAGE_STANDARD = "gnu++14";
				CLANG_CXX_LIBRARY = "libc++";
				CLANG_ENABLE_MODULES = YES;
				CLANG_ENABLE_OBJC_ARC = YES;
				CLANG_WARN_BLOCK_CAPTURE_AUTORELEASING = YES;
				CLANG_WARN_BOOL_CONVERSION = YES;
				CLANG_WARN_COMMA = YES;
				CLANG_WARN_CONSTANT_CONVERSION = YES;
				CLANG_WARN_DIRECT_OBJC_ISA_USAGE = YES_ERROR;
				CLANG_WARN_DOCUMENTATION_COMMENTS = YES;
				CLANG_WARN_EMPTY_BODY = YES;
				CLANG_WARN_ENUM_CONVERSION = YES;
				CLANG_WARN_INFINITE_RECURSION = YES;
				CLANG_WARN_INT_CONVERSION = YES;
				CLANG_WARN_NON_LITERAL_NULL_CONVERSION = YES;
				CLANG_WARN_OBJC_LITERAL_CONVERSION = YES;
				CLANG_WARN_OBJC_ROOT_CLASS = YES_ERROR;
				CLANG_WARN_RANGE_LOOP_ANALYSIS = YES;
				CLANG_WARN_STRICT_PROTOTYPES = YES;
				CLANG_WARN_SUSPICIOUS_MOVE = YES;
				CLANG_WARN_UNGUARDED_AVAILABILITY = YES_AGGRESSIVE;
				CLANG_WARN_UNREACHABLE_CODE = YES;
				CLANG_WARN__DUPLICATE_METHOD_MATCH = YES;
				CODE_SIGN_IDENTITY = "iPhone Developer";
				COPY_PHASE_STRIP = NO;
				DEBUG_INFORMATION_FORMAT = "dwarf-with-dsym";
				ENABLE_NS_ASSERTIONS = NO;
				ENABLE_STRICT_OBJC_MSGSEND = YES;
				GCC_C_LANGUAGE_STANDARD = gnu11;
				GCC_NO_COMMON_BLOCKS = YES;
				GCC_WARN_64_TO_32_BIT_CONVERSION = YES;
				GCC_WARN_ABOUT_RETURN_TYPE = YES_ERROR;
				GCC_WARN_UNDECLARED_SELECTOR = YES;
				GCC_WARN_UNINITIALIZED_AUTOS = YES_AGGRESSIVE;
				GCC_WARN_UNUSED_FUNCTION = YES;
				GCC_WARN_UNUSED_VARIABLE = YES;
				IPHONEOS_DEPLOYMENT_TARGET = 11.2;
				MTL_ENABLE_DEBUG_INFO = NO;
				SDKROOT = iphoneos;
				SWIFT_OPTIMIZATION_LEVEL = "-Owholemodule";
				VALIDATE_PRODUCT = YES;
			};
			name = Release;
		};
		264D393B20080CCD00C51E7A /* Debug */ = {
			isa = XCBuildConfiguration;
			buildSettings = {
				ASSETCATALOG_COMPILER_APPICON_NAME = AppIcon;
				CODE_SIGN_STYLE = Automatic;
				INFOPLIST_FILE = layoutDemo/Info.plist;
				LD_RUNPATH_SEARCH_PATHS = "$(inherited) @executable_path/Frameworks";
				PRODUCT_BUNDLE_IDENTIFIER = PT.layoutDemo;
				PRODUCT_NAME = "$(TARGET_NAME)";
				SWIFT_VERSION = 4.0;
				TARGETED_DEVICE_FAMILY = "1,2";
			};
			name = Debug;
		};
		264D393C20080CCD00C51E7A /* Release */ = {
			isa = XCBuildConfiguration;
			buildSettings = {
				ASSETCATALOG_COMPILER_APPICON_NAME = AppIcon;
				CODE_SIGN_STYLE = Automatic;
				INFOPLIST_FILE = layoutDemo/Info.plist;
				LD_RUNPATH_SEARCH_PATHS = "$(inherited) @executable_path/Frameworks";
				PRODUCT_BUNDLE_IDENTIFIER = PT.layoutDemo;
				PRODUCT_NAME = "$(TARGET_NAME)";
				SWIFT_VERSION = 4.0;
				TARGETED_DEVICE_FAMILY = "1,2";
			};
			name = Release;
		};
		264D393E20080CCD00C51E7A /* Debug */ = {
			isa = XCBuildConfiguration;
			buildSettings = {
				ALWAYS_EMBED_SWIFT_STANDARD_LIBRARIES = YES;
				BUNDLE_LOADER = "$(TEST_HOST)";
				CODE_SIGN_STYLE = Automatic;
				INFOPLIST_FILE = layoutDemoTests/Info.plist;
				LD_RUNPATH_SEARCH_PATHS = "$(inherited) @executable_path/Frameworks @loader_path/Frameworks";
				PRODUCT_BUNDLE_IDENTIFIER = PT.layoutDemoTests;
				PRODUCT_NAME = "$(TARGET_NAME)";
				SWIFT_VERSION = 4.0;
				TARGETED_DEVICE_FAMILY = "1,2";
				TEST_HOST = "$(BUILT_PRODUCTS_DIR)/layoutDemo.app/layoutDemo";
			};
			name = Debug;
		};
		264D393F20080CCD00C51E7A /* Release */ = {
			isa = XCBuildConfiguration;
			buildSettings = {
				ALWAYS_EMBED_SWIFT_STANDARD_LIBRARIES = YES;
				BUNDLE_LOADER = "$(TEST_HOST)";
				CODE_SIGN_STYLE = Automatic;
				INFOPLIST_FILE = layoutDemoTests/Info.plist;
				LD_RUNPATH_SEARCH_PATHS = "$(inherited) @executable_path/Frameworks @loader_path/Frameworks";
				PRODUCT_BUNDLE_IDENTIFIER = PT.layoutDemoTests;
				PRODUCT_NAME = "$(TARGET_NAME)";
				SWIFT_VERSION = 4.0;
				TARGETED_DEVICE_FAMILY = "1,2";
				TEST_HOST = "$(BUILT_PRODUCTS_DIR)/layoutDemo.app/layoutDemo";
			};
			name = Release;
		};
		264D394120080CCD00C51E7A /* Debug */ = {
			isa = XCBuildConfiguration;
			buildSettings = {
				ALWAYS_EMBED_SWIFT_STANDARD_LIBRARIES = YES;
				CODE_SIGN_STYLE = Automatic;
				INFOPLIST_FILE = layoutDemoUITests/Info.plist;
				LD_RUNPATH_SEARCH_PATHS = "$(inherited) @executable_path/Frameworks @loader_path/Frameworks";
				PRODUCT_BUNDLE_IDENTIFIER = PT.layoutDemoUITests;
				PRODUCT_NAME = "$(TARGET_NAME)";
				SWIFT_VERSION = 4.0;
				TARGETED_DEVICE_FAMILY = "1,2";
				TEST_TARGET_NAME = layoutDemo;
			};
			name = Debug;
		};
		264D394220080CCD00C51E7A /* Release */ = {
			isa = XCBuildConfiguration;
			buildSettings = {
				ALWAYS_EMBED_SWIFT_STANDARD_LIBRARIES = YES;
				CODE_SIGN_STYLE = Automatic;
				INFOPLIST_FILE = layoutDemoUITests/Info.plist;
				LD_RUNPATH_SEARCH_PATHS = "$(inherited) @executable_path/Frameworks @loader_path/Frameworks";
				PRODUCT_BUNDLE_IDENTIFIER = PT.layoutDemoUITests;
				PRODUCT_NAME = "$(TARGET_NAME)";
				SWIFT_VERSION = 4.0;
				TARGETED_DEVICE_FAMILY = "1,2";
				TEST_TARGET_NAME = layoutDemo;
			};
			name = Release;
		};
/* End XCBuildConfiguration section */

/* Begin XCConfigurationList section */
		264D390D20080CCC00C51E7A /* Build configuration list for PBXProject "layoutDemo" */ = {
			isa = XCConfigurationList;
			buildConfigurations = (
				264D393820080CCD00C51E7A /* Debug */,
				264D393920080CCD00C51E7A /* Release */,
			);
			defaultConfigurationIsVisible = 0;
			defaultConfigurationName = Release;
		};
		264D393A20080CCD00C51E7A /* Build configuration list for PBXNativeTarget "layoutDemo" */ = {
			isa = XCConfigurationList;
			buildConfigurations = (
				264D393B20080CCD00C51E7A /* Debug */,
				264D393C20080CCD00C51E7A /* Release */,
			);
			defaultConfigurationIsVisible = 0;
			defaultConfigurationName = Release;
		};
		264D393D20080CCD00C51E7A /* Build configuration list for PBXNativeTarget "layoutDemoTests" */ = {
			isa = XCConfigurationList;
			buildConfigurations = (
				264D393E20080CCD00C51E7A /* Debug */,
				264D393F20080CCD00C51E7A /* Release */,
			);
			defaultConfigurationIsVisible = 0;
			defaultConfigurationName = Release;
		};
		264D394020080CCD00C51E7A /* Build configuration list for PBXNativeTarget "layoutDemoUITests" */ = {
			isa = XCConfigurationList;
			buildConfigurations = (
				264D394120080CCD00C51E7A /* Debug */,
				264D394220080CCD00C51E7A /* Release */,
			);
			defaultConfigurationIsVisible = 0;
			defaultConfigurationName = Release;
		};
/* End XCConfigurationList section */
	};
	rootObject = 264D390A20080CCC00C51E7A /* Project object */;
}
